
Microsoft Visual Studio Solution File, Format Version 12.00
# Visual Studio Version 17
VisualStudioVersion = 17.8.34511.84
MinimumVisualStudioVersion = 10.0.40219.1
Project("{9A19103F-16F7-4668-BE54-9A1E7A4F7556}") = "ABCEnchanceInstaller", "ABCEnchanceInstaller.csproj", "{C6E03EB9-8003-4355-B88B-C0FD8E3F99B4}"
EndProject
Global
	GlobalSection(SolutionConfigurationPlatforms) = preSolution
		Debug|Any CPU = Debug|Any CPU
		Release|Any CPU = Release|Any CPU
	EndGlobalSection
	GlobalSection(ProjectConfigurationPlatforms) = postSolution
		{C6E03EB9-8003-4355-B88B-C0FD8E3F99B4}.Debug|Any CPU.ActiveCfg = Debug|Any CPU
		{C6E03EB9-8003-4355-B88B-C0FD8E3F99B4}.Debug|Any CPU.Build.0 = Debug|Any CPU
		{C6E03EB9-8003-4355-B88B-C0FD8E3F99B4}.Release|Any CPU.ActiveCfg = Release|Any CPU
		{C6E03EB9-8003-4355-B88B-C0FD8E3F99B4}.Release|Any CPU.Build.0 = Release|Any CPU
	EndGlobalSection
	GlobalSection(SolutionProperties) = preSolution
		HideSolutionNode = FALSE
	EndGlobalSection
	GlobalSection(ExtensibilityGlobals) = postSolution
		SolutionGuid = {D9B1F41B-B563-41DF-8202-ADE1423DD46C}
	EndGlobalSection
EndGlobal
